
Microsoft Visual Studio Solution File, Format Version 11.00
# Visual Studio 2010
Project("{FAE04EC0-301F-11D3-BF4B-00C04F79EFBC}") = "sparkfun-joystick-1", "sparkfun-joystick-1\sparkfun-joystick-1.csproj", "{92637EB6-D138-4668-9D52-F0A3A1DF7420}"
EndProject
Global
	GlobalSection(SolutionConfigurationPlatforms) = preSolution
		Debug|Any CPU = Debug|Any CPU
		Release|Any CPU = Release|Any CPU
	EndGlobalSection
	GlobalSection(ProjectConfigurationPlatforms) = postSolution
		{92637EB6-D138-4668-9D52-F0A3A1DF7420}.Debug|Any CPU.ActiveCfg = Debug|Any CPU
		{92637EB6-D138-4668-9D52-F0A3A1DF7420}.Debug|Any CPU.Build.0 = Debug|Any CPU
		{92637EB6-D138-4668-9D52-F0A3A1DF7420}.Debug|Any CPU.Deploy.0 = Debug|Any CPU
		{92637EB6-D138-4668-9D52-F0A3A1DF7420}.Release|Any CPU.ActiveCfg = Release|Any CPU
		{92637EB6-D138-4668-9D52-F0A3A1DF7420}.Release|Any CPU.Build.0 = Release|Any CPU
		{92637EB6-D138-4668-9D52-F0A3A1DF7420}.Release|Any CPU.Deploy.0 = Release|Any CPU
	EndGlobalSection
	GlobalSection(SolutionProperties) = preSolution
		HideSolutionNode = FALSE
	EndGlobalSection
EndGlobal
